
Microsoft Visual Studio Solution File, Format Version 12.00
# Visual Studio Version 16
VisualStudioVersion = 16.0.30804.86
MinimumVisualStudioVersion = 10.0.40219.1
Project("{FAE04EC0-301F-11D3-BF4B-00C04F79EFBC}") = "DraughtLeague.Console", "draughtleague.Console\DraughtLeague.Console.csproj", "{7A0A66D2-9D05-490C-BF4B-E5F4B4AE7F42}"
EndProject
Project("{FAE04EC0-301F-11D3-BF4B-00C04F79EFBC}") = "DraughtLeague.Untappd", "draughtleague.Untappd\DraughtLeague.Untappd.csproj", "{7F097427-6C89-4EC5-B07D-1B9A73528032}"
EndProject
Global
	GlobalSection(SolutionConfigurationPlatforms) = preSolution
		Debug|Any CPU = Debug|Any CPU
		Release|Any CPU = Release|Any CPU
	EndGlobalSection
	GlobalSection(ProjectConfigurationPlatforms) = postSolution
		{7A0A66D2-9D05-490C-BF4B-E5F4B4AE7F42}.Debug|Any CPU.ActiveCfg = Debug|Any CPU
		{7A0A66D2-9D05-490C-BF4B-E5F4B4AE7F42}.Debug|Any CPU.Build.0 = Debug|Any CPU
		{7A0A66D2-9D05-490C-BF4B-E5F4B4AE7F42}.Release|Any CPU.ActiveCfg = Release|Any CPU
		{7A0A66D2-9D05-490C-BF4B-E5F4B4AE7F42}.Release|Any CPU.Build.0 = Release|Any CPU
		{7F097427-6C89-4EC5-B07D-1B9A73528032}.Debug|Any CPU.ActiveCfg = Debug|Any CPU
		{7F097427-6C89-4EC5-B07D-1B9A73528032}.Debug|Any CPU.Build.0 = Debug|Any CPU
		{7F097427-6C89-4EC5-B07D-1B9A73528032}.Release|Any CPU.ActiveCfg = Release|Any CPU
		{7F097427-6C89-4EC5-B07D-1B9A73528032}.Release|Any CPU.Build.0 = Release|Any CPU
	EndGlobalSection
	GlobalSection(SolutionProperties) = preSolution
		HideSolutionNode = FALSE
	EndGlobalSection
	GlobalSection(ExtensibilityGlobals) = postSolution
		SolutionGuid = {27080AD1-DF61-4E5D-8FF2-A949A2374DC1}
	EndGlobalSection
EndGlobal
